PODS:
  - IQKeyboardManagerSwift (6.5.11)
  - SwipeCellKit (2.7.1)

DEPENDENCIES:
  - IQKeyboardManagerSwift
  - SwipeCellKit (from `https://github.com/SwipeCellKit/SwipeCellKit.git`, branch `develop`)

SPEC REPOS:
  trunk:
    - IQKeyboardManagerSwift

EXTERNAL SOURCES:
  SwipeCellKit:
    :branch: develop
    :git: https://github.com/SwipeCellKit/SwipeCellKit.git

CHECKOUT OPTIONS:
  SwipeCellKit:
    :commit: 6d632bdf1b7309505566b0248a00f61b67415a37
    :git: https://github.com/SwipeCellKit/SwipeCellKit.git

SPEC CHECKSUMS:
  IQKeyboardManagerSwift: c7955c0bdbf7b2eb29bb7daaa44e3d90f55a9a85
  SwipeCellKit: 3972254a826da74609926daf59b08d6c72e619ea

PODFILE CHECKSUM: 79dff61a4ffbb5df23f154561656b2f63ab59beb

COCOAPODS: 1.12.1
