// !$*UTF8*$!
{
	archiveVersion = 1;
	classes = {
	};
	objectVersion = 56;
	objects = {

/* Begin PBXBuildFile section */
		694952832A32D642004F989B /* CircularProgressView.swift in Sources */ = {isa = PBXBuildFile; fileRef = 694952822A32D642004F989B /* CircularProgressView.swift */; };
		69C8CDF62A332C74004A0382 /* TransactionModel.swift in Sources */ = {isa = PBXBuildFile; fileRef = 69C8CDF52A332C74004A0382 /* TransactionModel.swift */; };
		69C8CDFB2A332DDE004A0382 /* TransactionRow.swift in Sources */ = {isa = PBXBuildFile; fileRef = 69C8CDFA2A332DDE004A0382 /* TransactionRow.swift */; };
		69C8CDFD2A332EB1004A0382 /* TransactionData.swift in Sources */ = {isa = PBXBuildFile; fileRef = 69C8CDFC2A332EB1004A0382 /* TransactionData.swift */; };
		69C8CDFF2A3332AC004A0382 /* TransactionScrollView.swift in Sources */ = {isa = PBXBuildFile; fileRef = 69C8CDFE2A3332AC004A0382 /* TransactionScrollView.swift */; };
		69C8CE092A37420F004A0382 /* CreateNewExpenseViewController.swift in Sources */ = {isa = PBXBuildFile; fileRef = 69C8CE082A37420F004A0382 /* CreateNewExpenseViewController.swift */; };
		69C8CE0D2A398269004A0382 /* CategoryBrain.swift in Sources */ = {isa = PBXBuildFile; fileRef = 69C8CE0C2A398269004A0382 /* CategoryBrain.swift */; };
		69C8CE112A39840C004A0382 /* categoryDataCellView.swift in Sources */ = {isa = PBXBuildFile; fileRef = 69C8CE102A39840C004A0382 /* categoryDataCellView.swift */; };
		69E7199F2A399E02002EA577 /* categoryStackView.swift in Sources */ = {isa = PBXBuildFile; fileRef = 69E7199E2A399E02002EA577 /* categoryStackView.swift */; };
		69E719A12A39A2CA002EA577 /* categoryHorizontalScrollView.swift in Sources */ = {isa = PBXBuildFile; fileRef = 69E719A02A39A2CA002EA577 /* categoryHorizontalScrollView.swift */; };
		69E719A82A3AC867002EA577 /* numberPad.swift in Sources */ = {isa = PBXBuildFile; fileRef = 69E719A72A3AC867002EA577 /* numberPad.swift */; };
		69F5001C2A3D84BD0046ED03 /* numPadModel.swift in Sources */ = {isa = PBXBuildFile; fileRef = 69F5001B2A3D84BD0046ED03 /* numPadModel.swift */; };
		69FBF4B32A433FC500C581BE /* FilterDateController.swift in Sources */ = {isa = PBXBuildFile; fileRef = 69FBF4B22A433FC500C581BE /* FilterDateController.swift */; };
		69FBF4B62A44320800C581BE /* BudgetModel.swift in Sources */ = {isa = PBXBuildFile; fileRef = 69FBF4B52A44320800C581BE /* BudgetModel.swift */; };
		69FBF4BA2A45873600C581BE /* DeleteExpenseViewController.swift in Sources */ = {isa = PBXBuildFile; fileRef = 69FBF4B92A45873600C581BE /* DeleteExpenseViewController.swift */; };
		69FBF4BE2A4593E500C581BE /* DeleteTransactionView.swift in Sources */ = {isa = PBXBuildFile; fileRef = 69FBF4BD2A4593E500C581BE /* DeleteTransactionView.swift */; };
		C00EEE522A2C545700EF1A13 /* GroupExpense.swift in Sources */ = {isa = PBXBuildFile; fileRef = C00EEE512A2C545700EF1A13 /* GroupExpense.swift */; };
		C00EEE562A2C8E1100EF1A13 /* Group.swift in Sources */ = {isa = PBXBuildFile; fileRef = C00EEE552A2C8E1100EF1A13 /* Group.swift */; };
		C021FCA82A3C942300091549 /* ExpenseData.swift in Sources */ = {isa = PBXBuildFile; fileRef = C021FCA72A3C942300091549 /* ExpenseData.swift */; };
		C021FCAD2A3C975400091549 /* ExpenseController.swift in Sources */ = {isa = PBXBuildFile; fileRef = C021FCAC2A3C975400091549 /* ExpenseController.swift */; };
		C021FCAF2A3C999500091549 /* EqualExpense.swift in Sources */ = {isa = PBXBuildFile; fileRef = C021FCAE2A3C999500091549 /* EqualExpense.swift */; };
		C021FCB12A3C9B2800091549 /* Split.swift in Sources */ = {isa = PBXBuildFile; fileRef = C021FCB02A3C9B2800091549 /* Split.swift */; };
		C021FCB32A3C9EB000091549 /* SplitFactory.swift in Sources */ = {isa = PBXBuildFile; fileRef = C021FCB22A3C9EB000091549 /* SplitFactory.swift */; };
		C021FCB52A3C9FAC00091549 /* ExpenseSplit.swift in Sources */ = {isa = PBXBuildFile; fileRef = C021FCB42A3C9FAC00091549 /* ExpenseSplit.swift */; };
		C021FCB72A3CA0D900091549 /* UserExpenseBalance.swift in Sources */ = {isa = PBXBuildFile; fileRef = C021FCB62A3CA0D900091549 /* UserExpenseBalance.swift */; };
		C021FCB92A3CA1A900091549 /* UserController.swift in Sources */ = {isa = PBXBuildFile; fileRef = C021FCB82A3CA1A900091549 /* UserController.swift */; };
		C021FCBB2A3CA49F00091549 /* GroupController.swift in Sources */ = {isa = PBXBuildFile; fileRef = C021FCBA2A3CA49F00091549 /* GroupController.swift */; };
		C021FCBD2A3CA79D00091549 /* Balance.swift in Sources */ = {isa = PBXBuildFile; fileRef = C021FCBC2A3CA79D00091549 /* Balance.swift */; };
		C021FCC22A3CA94A00091549 /* BalanceController.swift in Sources */ = {isa = PBXBuildFile; fileRef = C021FCC12A3CA94A00091549 /* BalanceController.swift */; };
		C021FCC42A3CB30800091549 /* SplitType.swift in Sources */ = {isa = PBXBuildFile; fileRef = C021FCC32A3CB30800091549 /* SplitType.swift */; };
		C021FCC62A3CB39500091549 /* EqualExpenseSplit.swift in Sources */ = {isa = PBXBuildFile; fileRef = C021FCC52A3CB39500091549 /* EqualExpenseSplit.swift */; };
		C021FCC82A3CB3B100091549 /* UnequalExpenseSplit.swift in Sources */ = {isa = PBXBuildFile; fileRef = C021FCC72A3CB3B100091549 /* UnequalExpenseSplit.swift */; };
		C021FCCB2A3DED2100091549 /* GroupDebtSimplifier.swift in Sources */ = {isa = PBXBuildFile; fileRef = C021FCCA2A3DED2100091549 /* GroupDebtSimplifier.swift */; };
		C043C29F2A172C4600A1F14D /* AppDelegate.swift in Sources */ = {isa = PBXBuildFile; fileRef = C043C29E2A172C4600A1F14D /* AppDelegate.swift */; };
		C043C2A12A172C4600A1F14D /* SceneDelegate.swift in Sources */ = {isa = PBXBuildFile; fileRef = C043C2A02A172C4600A1F14D /* SceneDelegate.swift */; };
		C043C2A32A172C4600A1F14D /* ViewController.swift in Sources */ = {isa = PBXBuildFile; fileRef = C043C2A22A172C4600A1F14D /* ViewController.swift */; };
		C043C2A62A172C4600A1F14D /* Main.storyboard in Resources */ = {isa = PBXBuildFile; fileRef = C043C2A42A172C4600A1F14D /* Main.storyboard */; };
		C043C2A92A172C4600A1F14D /* SmartMoney.xcdatamodeld in Sources */ = {isa = PBXBuildFile; fileRef = C043C2A72A172C4600A1F14D /* SmartMoney.xcdatamodeld */; };
		C043C2AB2A172C4600A1F14D /* Assets.xcassets in Resources */ = {isa = PBXBuildFile; fileRef = C043C2AA2A172C4600A1F14D /* Assets.xcassets */; };
		C043C2B92A172C4600A1F14D /* SmartMoneyTests.swift in Sources */ = {isa = PBXBuildFile; fileRef = C043C2B82A172C4600A1F14D /* SmartMoneyTests.swift */; };
		C043C2C32A172C4600A1F14D /* SmartMoneyUITests.swift in Sources */ = {isa = PBXBuildFile; fileRef = C043C2C22A172C4600A1F14D /* SmartMoneyUITests.swift */; };
		C043C2C52A172C4600A1F14D /* SmartMoneyUITestsLaunchTests.swift in Sources */ = {isa = PBXBuildFile; fileRef = C043C2C42A172C4600A1F14D /* SmartMoneyUITestsLaunchTests.swift */; };
		C043C2D92A17348A00A1F14D /* Launch Screen.storyboard in Resources */ = {isa = PBXBuildFile; fileRef = C043C2D82A17348A00A1F14D /* Launch Screen.storyboard */; };
		C043C2DB2A17374000A1F14D /* HomePageViewController.swift in Sources */ = {isa = PBXBuildFile; fileRef = C043C2DA2A17374000A1F14D /* HomePageViewController.swift */; };
		C043C2DD2A1738C100A1F14D /* ExpensesViewController.swift in Sources */ = {isa = PBXBuildFile; fileRef = C043C2DC2A1738C100A1F14D /* ExpensesViewController.swift */; };
		C043C2E12A1738E100A1F14D /* GroupsViewController.swift in Sources */ = {isa = PBXBuildFile; fileRef = C043C2E02A1738E100A1F14D /* GroupsViewController.swift */; };
		C043C2E52A1738F700A1F14D /* ProfileViewController.swift in Sources */ = {isa = PBXBuildFile; fileRef = C043C2E42A1738F700A1F14D /* ProfileViewController.swift */; };
		C043C2E72A17782000A1F14D /* CreateGroupViewController.swift in Sources */ = {isa = PBXBuildFile; fileRef = C043C2E62A17782000A1F14D /* CreateGroupViewController.swift */; };
		C043C2E92A17BAEC00A1F14D /* GroupDetailsViewController.swift in Sources */ = {isa = PBXBuildFile; fileRef = C043C2E82A17BAEC00A1F14D /* GroupDetailsViewController.swift */; };
		C043C2EB2A17C4FA00A1F14D /* MonthYear.swift in Sources */ = {isa = PBXBuildFile; fileRef = C043C2EA2A17C4FA00A1F14D /* MonthYear.swift */; };
		C043C2F42A17C85700A1F14D /* MonthYearPicker in Frameworks */ = {isa = PBXBuildFile; productRef = C043C2F32A17C85700A1F14D /* MonthYearPicker */; };
		C04E27952A3344E600964161 /* GroupMemberCollectionViewCell.swift in Sources */ = {isa = PBXBuildFile; fileRef = C04E27932A3344E600964161 /* GroupMemberCollectionViewCell.swift */; };
		C04E27962A3344E600964161 /* GroupMemberCollectionViewCell.xib in Resources */ = {isa = PBXBuildFile; fileRef = C04E27942A3344E600964161 /* GroupMemberCollectionViewCell.xib */; };
		C04E27982A3356AE00964161 /* User.swift in Sources */ = {isa = PBXBuildFile; fileRef = C04E27972A3356AE00964161 /* User.swift */; };
		C06953672A4050EE00921FA5 /* TestingGroups.swift in Sources */ = {isa = PBXBuildFile; fileRef = C06953662A4050EE00921FA5 /* TestingGroups.swift */; };
		C06953692A40973E00921FA5 /* SelectedUser.swift in Sources */ = {isa = PBXBuildFile; fileRef = C06953682A40973E00921FA5 /* SelectedUser.swift */; };
		C0931A392A33812F001E19B9 /* UnequalGroupExpensesTableViewController.swift in Sources */ = {isa = PBXBuildFile; fileRef = C0931A382A33812F001E19B9 /* UnequalGroupExpensesTableViewController.swift */; };
		C0931A402A338230001E19B9 /* UnequalExpensesTableViewCell.swift in Sources */ = {isa = PBXBuildFile; fileRef = C0931A3E2A338230001E19B9 /* UnequalExpensesTableViewCell.swift */; };
		C0931A412A338230001E19B9 /* UnequalExpensesTableViewCell.xib in Resources */ = {isa = PBXBuildFile; fileRef = C0931A3F2A338230001E19B9 /* UnequalExpensesTableViewCell.xib */; };
		C097C9DD2A440211009D3D55 /* GroupExpenseDetailsViewController.swift in Sources */ = {isa = PBXBuildFile; fileRef = C097C9DC2A440211009D3D55 /* GroupExpenseDetailsViewController.swift */; };
		C097C9DF2A4408FB009D3D55 /* ExpenseDetailsTableViewCell.swift in Sources */ = {isa = PBXBuildFile; fileRef = C097C9DE2A4408FB009D3D55 /* ExpenseDetailsTableViewCell.swift */; };
		C0CD63562A3700E40056EFE0 /* PayUpTableViewCell.swift in Sources */ = {isa = PBXBuildFile; fileRef = C0CD63542A3700E40056EFE0 /* PayUpTableViewCell.swift */; };
		C0CD635A2A3701F70056EFE0 /* PayUpViewController.swift in Sources */ = {isa = PBXBuildFile; fileRef = C0CD63592A3701F70056EFE0 /* PayUpViewController.swift */; };
		C0CD635E2A3721FB0056EFE0 /* BalancesTableTableViewController.swift in Sources */ = {isa = PBXBuildFile; fileRef = C0CD635D2A3721FB0056EFE0 /* BalancesTableTableViewController.swift */; };
		C0D6B0BB2A3EEA4C0072AE22 /* GroupExpensesTableViewCell.swift in Sources */ = {isa = PBXBuildFile; fileRef = C0D6B0BA2A3EEA4C0072AE22 /* GroupExpensesTableViewCell.swift */; };
		C0D6B0BD2A3EF24A0072AE22 /* LoginViewController.swift in Sources */ = {isa = PBXBuildFile; fileRef = C0D6B0BC2A3EF24A0072AE22 /* LoginViewController.swift */; };
		C0DDF58D2A2F70D800959F90 /* CollectionViewCell.swift in Sources */ = {isa = PBXBuildFile; fileRef = C0DDF58B2A2F70D800959F90 /* CollectionViewCell.swift */; };
		C0DDF58E2A2F70D800959F90 /* CollectionViewCell.xib in Resources */ = {isa = PBXBuildFile; fileRef = C0DDF58C2A2F70D800959F90 /* CollectionViewCell.xib */; };
		C0DDF59A2A302C9800959F90 /* GroupTableViewCell.swift in Sources */ = {isa = PBXBuildFile; fileRef = C0DDF5992A302C9800959F90 /* GroupTableViewCell.swift */; };
		C0DDF5A52A303E8000959F90 /* GroupMemberTableViewCell.swift in Sources */ = {isa = PBXBuildFile; fileRef = C0DDF5A32A303E8000959F90 /* GroupMemberTableViewCell.swift */; };
		C0DDF5A62A303E8000959F90 /* GroupMemberTableViewCell.xib in Resources */ = {isa = PBXBuildFile; fileRef = C0DDF5A42A303E8000959F90 /* GroupMemberTableViewCell.xib */; };
		C0DE6BA02A2F37E30012A7D8 /* AddGroupExpenseViewController.swift in Sources */ = {isa = PBXBuildFile; fileRef = C0DE6B9F2A2F37E30012A7D8 /* AddGroupExpenseViewController.swift */; };
		C0E856492A3F4144003D51EF /* RegisterViewController.swift in Sources */ = {isa = PBXBuildFile; fileRef = C0E856482A3F4143003D51EF /* RegisterViewController.swift */; };
		C0E8564B2A3F50FC003D51EF /* NetBalance.swift in Sources */ = {isa = PBXBuildFile; fileRef = C0E8564A2A3F50FC003D51EF /* NetBalance.swift */; };
		C0E8564D2A3F69A5003D51EF /* Payment.swift in Sources */ = {isa = PBXBuildFile; fileRef = C0E8564C2A3F69A5003D51EF /* Payment.swift */; };
		D5300E6450FC7AD0E5D86A8C /* Pods_SmartMoney.framework in Frameworks */ = {isa = PBXBuildFile; fileRef = 98FE4A9A0F61B080318EFBDE /* Pods_SmartMoney.framework */; };
		DC471DB679D0E7C962668A22 /* Pods_SmartMoneyTests.framework in Frameworks */ = {isa = PBXBuildFile; fileRef = 3B01FD637A5246FFB6C5B405 /* Pods_SmartMoneyTests.framework */; };
		F4F26084F527337704169F07 /* Pods_SmartMoney_SmartMoneyUITests.framework in Frameworks */ = {isa = PBXBuildFile; fileRef = 873008847319056A4F6A2460 /* Pods_SmartMoney_SmartMoneyUITests.framework */; };
/* End PBXBuildFile section */

/* Begin PBXContainerItemProxy section */
		C043C2B52A172C4600A1F14D /* PBXContainerItemProxy */ = {
			isa = PBXContainerItemProxy;
			containerPortal = C043C2932A172C4600A1F14D /* Project object */;
			proxyType = 1;
			remoteGlobalIDString = C043C29A2A172C4600A1F14D;
			remoteInfo = SmartMoney;
		};
		C043C2BF2A172C4600A1F14D /* PBXContainerItemProxy */ = {
			isa = PBXContainerItemProxy;
			containerPortal = C043C2932A172C4600A1F14D /* Project object */;
			proxyType = 1;
			remoteGlobalIDString = C043C29A2A172C4600A1F14D;
			remoteInfo = SmartMoney;
		};
/* End PBXContainerItemProxy section */

/* Begin PBXFileReference section */
		3B01FD637A5246FFB6C5B405 /* Pods_SmartMoneyTests.framework */ = {isa = PBXFileReference; explicitFileType = wrapper.framework; includeInIndex = 0; path = Pods_SmartMoneyTests.framework; sourceTree = BUILT_PRODUCTS_DIR; };
		3F36524AFDD4C1673FC448FA /* Pods-SmartMoney-SmartMoneyUITests.release.xcconfig */ = {isa = PBXFileReference; includeInIndex = 1; lastKnownFileType = text.xcconfig; name = "Pods-SmartMoney-SmartMoneyUITests.release.xcconfig"; path = "Target Support Files/Pods-SmartMoney-SmartMoneyUITests/Pods-SmartMoney-SmartMoneyUITests.release.xcconfig"; sourceTree = "<group>"; };
		4A1D276909B1BDF6EAB9EF75 /* Pods-SmartMoney.release.xcconfig */ = {isa = PBXFileReference; includeInIndex = 1; lastKnownFileType = text.xcconfig; name = "Pods-SmartMoney.release.xcconfig"; path = "Target Support Files/Pods-SmartMoney/Pods-SmartMoney.release.xcconfig"; sourceTree = "<group>"; };
		694952822A32D642004F989B /* CircularProgressView.swift */ = {isa = PBXFileReference; lastKnownFileType = sourcecode.swift; path = CircularProgressView.swift; sourceTree = "<group>"; };
		69C8CDF52A332C74004A0382 /* TransactionModel.swift */ = {isa = PBXFileReference; lastKnownFileType = sourcecode.swift; path = TransactionModel.swift; sourceTree = "<group>"; };
		69C8CDFA2A332DDE004A0382 /* TransactionRow.swift */ = {isa = PBXFileReference; lastKnownFileType = sourcecode.swift; path = TransactionRow.swift; sourceTree = "<group>"; };
		69C8CDFC2A332EB1004A0382 /* TransactionData.swift */ = {isa = PBXFileReference; lastKnownFileType = sourcecode.swift; path = TransactionData.swift; sourceTree = "<group>"; };
		69C8CDFE2A3332AC004A0382 /* TransactionScrollView.swift */ = {isa = PBXFileReference; lastKnownFileType = sourcecode.swift; path = TransactionScrollView.swift; sourceTree = "<group>"; };
		69C8CE082A37420F004A0382 /* CreateNewExpenseViewController.swift */ = {isa = PBXFileReference; lastKnownFileType = sourcecode.swift; path = CreateNewExpenseViewController.swift; sourceTree = "<group>"; };
		69C8CE0C2A398269004A0382 /* CategoryBrain.swift */ = {isa = PBXFileReference; lastKnownFileType = sourcecode.swift; path = CategoryBrain.swift; sourceTree = "<group>"; };
		69C8CE102A39840C004A0382 /* categoryDataCellView.swift */ = {isa = PBXFileReference; lastKnownFileType = sourcecode.swift; path = categoryDataCellView.swift; sourceTree = "<group>"; };
		69E7199E2A399E02002EA577 /* categoryStackView.swift */ = {isa = PBXFileReference; lastKnownFileType = sourcecode.swift; path = categoryStackView.swift; sourceTree = "<group>"; };
		69E719A02A39A2CA002EA577 /* categoryHorizontalScrollView.swift */ = {isa = PBXFileReference; lastKnownFileType = sourcecode.swift; path = categoryHorizontalScrollView.swift; sourceTree = "<group>"; };
		69E719A72A3AC867002EA577 /* numberPad.swift */ = {isa = PBXFileReference; lastKnownFileType = sourcecode.swift; path = numberPad.swift; sourceTree = "<group>"; };
		69F5001B2A3D84BD0046ED03 /* numPadModel.swift */ = {isa = PBXFileReference; lastKnownFileType = sourcecode.swift; path = numPadModel.swift; sourceTree = "<group>"; };
		69FBF4B22A433FC500C581BE /* FilterDateController.swift */ = {isa = PBXFileReference; lastKnownFileType = sourcecode.swift; path = FilterDateController.swift; sourceTree = "<group>"; };
		69FBF4B52A44320800C581BE /* BudgetModel.swift */ = {isa = PBXFileReference; lastKnownFileType = sourcecode.swift; path = BudgetModel.swift; sourceTree = "<group>"; };
		69FBF4B92A45873600C581BE /* DeleteExpenseViewController.swift */ = {isa = PBXFileReference; lastKnownFileType = sourcecode.swift; path = DeleteExpenseViewController.swift; sourceTree = "<group>"; };
		69FBF4BD2A4593E500C581BE /* DeleteTransactionView.swift */ = {isa = PBXFileReference; lastKnownFileType = sourcecode.swift; path = DeleteTransactionView.swift; sourceTree = "<group>"; };
		873008847319056A4F6A2460 /* Pods_SmartMoney_SmartMoneyUITests.framework */ = {isa = PBXFileReference; explicitFileType = wrapper.framework; includeInIndex = 0; path = Pods_SmartMoney_SmartMoneyUITests.framework; sourceTree = BUILT_PRODUCTS_DIR; };
		89EB2FD2C3E768FF149F85B9 /* Pods-SmartMoneyTests.release.xcconfig */ = {isa = PBXFileReference; includeInIndex = 1; lastKnownFileType = text.xcconfig; name = "Pods-SmartMoneyTests.release.xcconfig"; path = "Target Support Files/Pods-SmartMoneyTests/Pods-SmartMoneyTests.release.xcconfig"; sourceTree = "<group>"; };
		98FE4A9A0F61B080318EFBDE /* Pods_SmartMoney.framework */ = {isa = PBXFileReference; explicitFileType = wrapper.framework; includeInIndex = 0; path = Pods_SmartMoney.framework; sourceTree = BUILT_PRODUCTS_DIR; };
		AAEA7450EEF07E98DA6126A7 /* Pods-SmartMoney-SmartMoneyUITests.debug.xcconfig */ = {isa = PBXFileReference; includeInIndex = 1; lastKnownFileType = text.xcconfig; name = "Pods-SmartMoney-SmartMoneyUITests.debug.xcconfig"; path = "Target Support Files/Pods-SmartMoney-SmartMoneyUITests/Pods-SmartMoney-SmartMoneyUITests.debug.xcconfig"; sourceTree = "<group>"; };
		AC4DF35E59420A8D3B3B1AD0 /* Pods-SmartMoneyTests.debug.xcconfig */ = {isa = PBXFileReference; includeInIndex = 1; lastKnownFileType = text.xcconfig; name = "Pods-SmartMoneyTests.debug.xcconfig"; path = "Target Support Files/Pods-SmartMoneyTests/Pods-SmartMoneyTests.debug.xcconfig"; sourceTree = "<group>"; };
		C00EEE512A2C545700EF1A13 /* GroupExpense.swift */ = {isa = PBXFileReference; lastKnownFileType = sourcecode.swift; path = GroupExpense.swift; sourceTree = "<group>"; };
		C00EEE552A2C8E1100EF1A13 /* Group.swift */ = {isa = PBXFileReference; lastKnownFileType = sourcecode.swift; path = Group.swift; sourceTree = "<group>"; };
		C021FCA72A3C942300091549 /* ExpenseData.swift */ = {isa = PBXFileReference; lastKnownFileType = sourcecode.swift; path = ExpenseData.swift; sourceTree = "<group>"; };
		C021FCAC2A3C975400091549 /* ExpenseController.swift */ = {isa = PBXFileReference; lastKnownFileType = sourcecode.swift; path = ExpenseController.swift; sourceTree = "<group>"; };
		C021FCAE2A3C999500091549 /* EqualExpense.swift */ = {isa = PBXFileReference; lastKnownFileType = sourcecode.swift; path = EqualExpense.swift; sourceTree = "<group>"; };
		C021FCB02A3C9B2800091549 /* Split.swift */ = {isa = PBXFileReference; lastKnownFileType = sourcecode.swift; path = Split.swift; sourceTree = "<group>"; };
		C021FCB22A3C9EB000091549 /* SplitFactory.swift */ = {isa = PBXFileReference; lastKnownFileType = sourcecode.swift; path = SplitFactory.swift; sourceTree = "<group>"; };
		C021FCB42A3C9FAC00091549 /* ExpenseSplit.swift */ = {isa = PBXFileReference; lastKnownFileType = sourcecode.swift; path = ExpenseSplit.swift; sourceTree = "<group>"; };
		C021FCB62A3CA0D900091549 /* UserExpenseBalance.swift */ = {isa = PBXFileReference; lastKnownFileType = sourcecode.swift; path = UserExpenseBalance.swift; sourceTree = "<group>"; };
		C021FCB82A3CA1A900091549 /* UserController.swift */ = {isa = PBXFileReference; lastKnownFileType = sourcecode.swift; path = UserController.swift; sourceTree = "<group>"; };
		C021FCBA2A3CA49F00091549 /* GroupController.swift */ = {isa = PBXFileReference; lastKnownFileType = sourcecode.swift; path = GroupController.swift; sourceTree = "<group>"; };
		C021FCBC2A3CA79D00091549 /* Balance.swift */ = {isa = PBXFileReference; lastKnownFileType = sourcecode.swift; path = Balance.swift; sourceTree = "<group>"; };
		C021FCC12A3CA94A00091549 /* BalanceController.swift */ = {isa = PBXFileReference; lastKnownFileType = sourcecode.swift; path = BalanceController.swift; sourceTree = "<group>"; };
		C021FCC32A3CB30800091549 /* SplitType.swift */ = {isa = PBXFileReference; lastKnownFileType = sourcecode.swift; path = SplitType.swift; sourceTree = "<group>"; };
		C021FCC52A3CB39500091549 /* EqualExpenseSplit.swift */ = {isa = PBXFileReference; lastKnownFileType = sourcecode.swift; path = EqualExpenseSplit.swift; sourceTree = "<group>"; };
		C021FCC72A3CB3B100091549 /* UnequalExpenseSplit.swift */ = {isa = PBXFileReference; lastKnownFileType = sourcecode.swift; path = UnequalExpenseSplit.swift; sourceTree = "<group>"; };
		C021FCCA2A3DED2100091549 /* GroupDebtSimplifier.swift */ = {isa = PBXFileReference; lastKnownFileType = sourcecode.swift; path = GroupDebtSimplifier.swift; sourceTree = "<group>"; };
		C043C29B2A172C4600A1F14D /* SmartMoney.app */ = {isa = PBXFileReference; explicitFileType = wrapper.application; includeInIndex = 0; path = SmartMoney.app; sourceTree = BUILT_PRODUCTS_DIR; };
		C043C29E2A172C4600A1F14D /* AppDelegate.swift */ = {isa = PBXFileReference; lastKnownFileType = sourcecode.swift; path = AppDelegate.swift; sourceTree = "<group>"; };
		C043C2A02A172C4600A1F14D /* SceneDelegate.swift */ = {isa = PBXFileReference; lastKnownFileType = sourcecode.swift; path = SceneDelegate.swift; sourceTree = "<group>"; };
		C043C2A22A172C4600A1F14D /* ViewController.swift */ = {isa = PBXFileReference; lastKnownFileType = sourcecode.swift; path = ViewController.swift; sourceTree = "<group>"; };
		C043C2A52A172C4600A1F14D /* Base */ = {isa = PBXFileReference; lastKnownFileType = file.storyboard; name = Base; path = Base.lproj/Main.storyboard; sourceTree = "<group>"; };
		C043C2A82A172C4600A1F14D /* SmartMoney.xcdatamodel */ = {isa = PBXFileReference; lastKnownFileType = wrapper.xcdatamodel; path = SmartMoney.xcdatamodel; sourceTree = "<group>"; };
		C043C2AA2A172C4600A1F14D /* Assets.xcassets */ = {isa = PBXFileReference; lastKnownFileType = folder.assetcatalog; path = Assets.xcassets; sourceTree = "<group>"; };
		C043C2AF2A172C4600A1F14D /* Info.plist */ = {isa = PBXFileReference; lastKnownFileType = text.plist.xml; path = Info.plist; sourceTree = "<group>"; };
		C043C2B42A172C4600A1F14D /* SmartMoneyTests.xctest */ = {isa = PBXFileReference; explicitFileType = wrapper.cfbundle; includeInIndex = 0; path = SmartMoneyTests.xctest; sourceTree = BUILT_PRODUCTS_DIR; };
		C043C2B82A172C4600A1F14D /* SmartMoneyTests.swift */ = {isa = PBXFileReference; lastKnownFileType = sourcecode.swift; path = SmartMoneyTests.swift; sourceTree = "<group>"; };
		C043C2BE2A172C4600A1F14D /* SmartMoneyUITests.xctest */ = {isa = PBXFileReference; explicitFileType = wrapper.cfbundle; includeInIndex = 0; path = SmartMoneyUITests.xctest; sourceTree = BUILT_PRODUCTS_DIR; };
		C043C2C22A172C4600A1F14D /* SmartMoneyUITests.swift */ = {isa = PBXFileReference; lastKnownFileType = sourcecode.swift; path = SmartMoneyUITests.swift; sourceTree = "<group>"; };
		C043C2C42A172C4600A1F14D /* SmartMoneyUITestsLaunchTests.swift */ = {isa = PBXFileReference; lastKnownFileType = sourcecode.swift; path = SmartMoneyUITestsLaunchTests.swift; sourceTree = "<group>"; };
		C043C2D82A17348A00A1F14D /* Launch Screen.storyboard */ = {isa = PBXFileReference; lastKnownFileType = file.storyboard; path = "Launch Screen.storyboard"; sourceTree = "<group>"; };
		C043C2DA2A17374000A1F14D /* HomePageViewController.swift */ = {isa = PBXFileReference; lastKnownFileType = sourcecode.swift; path = HomePageViewController.swift; sourceTree = "<group>"; };
		C043C2DC2A1738C100A1F14D /* ExpensesViewController.swift */ = {isa = PBXFileReference; lastKnownFileType = sourcecode.swift; path = ExpensesViewController.swift; sourceTree = "<group>"; };
		C043C2E02A1738E100A1F14D /* GroupsViewController.swift */ = {isa = PBXFileReference; lastKnownFileType = sourcecode.swift; path = GroupsViewController.swift; sourceTree = "<group>"; };
		C043C2E42A1738F700A1F14D /* ProfileViewController.swift */ = {isa = PBXFileReference; lastKnownFileType = sourcecode.swift; path = ProfileViewController.swift; sourceTree = "<group>"; };
		C043C2E62A17782000A1F14D /* CreateGroupViewController.swift */ = {isa = PBXFileReference; lastKnownFileType = sourcecode.swift; path = CreateGroupViewController.swift; sourceTree = "<group>"; };
		C043C2E82A17BAEC00A1F14D /* GroupDetailsViewController.swift */ = {isa = PBXFileReference; lastKnownFileType = sourcecode.swift; path = GroupDetailsViewController.swift; sourceTree = "<group>"; };
		C043C2EA2A17C4FA00A1F14D /* MonthYear.swift */ = {isa = PBXFileReference; lastKnownFileType = sourcecode.swift; path = MonthYear.swift; sourceTree = "<group>"; };
		C04E27932A3344E600964161 /* GroupMemberCollectionViewCell.swift */ = {isa = PBXFileReference; lastKnownFileType = sourcecode.swift; path = GroupMemberCollectionViewCell.swift; sourceTree = "<group>"; };
		C04E27942A3344E600964161 /* GroupMemberCollectionViewCell.xib */ = {isa = PBXFileReference; lastKnownFileType = file.xib; path = GroupMemberCollectionViewCell.xib; sourceTree = "<group>"; };
		C04E27972A3356AE00964161 /* User.swift */ = {isa = PBXFileReference; lastKnownFileType = sourcecode.swift; path = User.swift; sourceTree = "<group>"; };
		C06953662A4050EE00921FA5 /* TestingGroups.swift */ = {isa = PBXFileReference; lastKnownFileType = sourcecode.swift; path = TestingGroups.swift; sourceTree = "<group>"; };
		C06953682A40973E00921FA5 /* SelectedUser.swift */ = {isa = PBXFileReference; lastKnownFileType = sourcecode.swift; path = SelectedUser.swift; sourceTree = "<group>"; };
		C0931A382A33812F001E19B9 /* UnequalGroupExpensesTableViewController.swift */ = {isa = PBXFileReference; lastKnownFileType = sourcecode.swift; path = UnequalGroupExpensesTableViewController.swift; sourceTree = "<group>"; };
		C0931A3E2A338230001E19B9 /* UnequalExpensesTableViewCell.swift */ = {isa = PBXFileReference; lastKnownFileType = sourcecode.swift; path = UnequalExpensesTableViewCell.swift; sourceTree = "<group>"; };
		C0931A3F2A338230001E19B9 /* UnequalExpensesTableViewCell.xib */ = {isa = PBXFileReference; lastKnownFileType = file.xib; path = UnequalExpensesTableViewCell.xib; sourceTree = "<group>"; };
		C097C9DC2A440211009D3D55 /* GroupExpenseDetailsViewController.swift */ = {isa = PBXFileReference; lastKnownFileType = sourcecode.swift; path = GroupExpenseDetailsViewController.swift; sourceTree = "<group>"; };
		C097C9DE2A4408FB009D3D55 /* ExpenseDetailsTableViewCell.swift */ = {isa = PBXFileReference; lastKnownFileType = sourcecode.swift; path = ExpenseDetailsTableViewCell.swift; sourceTree = "<group>"; };
		C0CD63542A3700E40056EFE0 /* PayUpTableViewCell.swift */ = {isa = PBXFileReference; lastKnownFileType = sourcecode.swift; path = PayUpTableViewCell.swift; sourceTree = "<group>"; };
		C0CD63592A3701F70056EFE0 /* PayUpViewController.swift */ = {isa = PBXFileReference; lastKnownFileType = sourcecode.swift; path = PayUpViewController.swift; sourceTree = "<group>"; };
		C0CD635D2A3721FB0056EFE0 /* BalancesTableTableViewController.swift */ = {isa = PBXFileReference; lastKnownFileType = sourcecode.swift; path = BalancesTableTableViewController.swift; sourceTree = "<group>"; };
		C0D6B0BA2A3EEA4C0072AE22 /* GroupExpensesTableViewCell.swift */ = {isa = PBXFileReference; lastKnownFileType = sourcecode.swift; path = GroupExpensesTableViewCell.swift; sourceTree = "<group>"; };
		C0D6B0BC2A3EF24A0072AE22 /* LoginViewController.swift */ = {isa = PBXFileReference; lastKnownFileType = sourcecode.swift; path = LoginViewController.swift; sourceTree = "<group>"; };
		C0DDF58B2A2F70D800959F90 /* CollectionViewCell.swift */ = {isa = PBXFileReference; lastKnownFileType = sourcecode.swift; path = CollectionViewCell.swift; sourceTree = "<group>"; };
		C0DDF58C2A2F70D800959F90 /* CollectionViewCell.xib */ = {isa = PBXFileReference; lastKnownFileType = file.xib; path = CollectionViewCell.xib; sourceTree = "<group>"; };
		C0DDF5992A302C9800959F90 /* GroupTableViewCell.swift */ = {isa = PBXFileReference; lastKnownFileType = sourcecode.swift; path = GroupTableViewCell.swift; sourceTree = "<group>"; };
		C0DDF5A32A303E8000959F90 /* GroupMemberTableViewCell.swift */ = {isa = PBXFileReference; lastKnownFileType = sourcecode.swift; path = GroupMemberTableViewCell.swift; sourceTree = "<group>"; };
		C0DDF5A42A303E8000959F90 /* GroupMemberTableViewCell.xib */ = {isa = PBXFileReference; lastKnownFileType = file.xib; path = GroupMemberTableViewCell.xib; sourceTree = "<group>"; };
		C0DE6B9F2A2F37E30012A7D8 /* AddGroupExpenseViewController.swift */ = {isa = PBXFileReference; lastKnownFileType = sourcecode.swift; path = AddGroupExpenseViewController.swift; sourceTree = "<group>"; };
		C0E856482A3F4143003D51EF /* RegisterViewController.swift */ = {isa = PBXFileReference; lastKnownFileType = sourcecode.swift; path = RegisterViewController.swift; sourceTree = "<group>"; };
		C0E8564A2A3F50FC003D51EF /* NetBalance.swift */ = {isa = PBXFileReference; lastKnownFileType = sourcecode.swift; path = NetBalance.swift; sourceTree = "<group>"; };
		C0E8564C2A3F69A5003D51EF /* Payment.swift */ = {isa = PBXFileReference; lastKnownFileType = sourcecode.swift; path = Payment.swift; sourceTree = "<group>"; };
		D240BAB13ADCBEEABBCFCF9A /* Pods-SmartMoney.debug.xcconfig */ = {isa = PBXFileReference; includeInIndex = 1; lastKnownFileType = text.xcconfig; name = "Pods-SmartMoney.debug.xcconfig"; path = "Target Support Files/Pods-SmartMoney/Pods-SmartMoney.debug.xcconfig"; sourceTree = "<group>"; };
/* End PBXFileReference section */

/* Begin PBXFrameworksBuildPhase section */
		C043C2982A172C4600A1F14D /* Frameworks */ = {
			isa = PBXFrameworksBuildPhase;
			buildActionMask = 2147483647;
			files = (
				C043C2F42A17C85700A1F14D /* MonthYearPicker in Frameworks */,
				D5300E6450FC7AD0E5D86A8C /* Pods_SmartMoney.framework in Frameworks */,
			);
			runOnlyForDeploymentPostprocessing = 0;
		};
		C043C2B12A172C4600A1F14D /* Frameworks */ = {
			isa = PBXFrameworksBuildPhase;
			buildActionMask = 2147483647;
			files = (
				DC471DB679D0E7C962668A22 /* Pods_SmartMoneyTests.framework in Frameworks */,
			);
			runOnlyForDeploymentPostprocessing = 0;
		};
		C043C2BB2A172C4600A1F14D /* Frameworks */ = {
			isa = PBXFrameworksBuildPhase;
			buildActionMask = 2147483647;
			files = (
				F4F26084F527337704169F07 /* Pods_SmartMoney_SmartMoneyUITests.framework in Frameworks */,
			);
			runOnlyForDeploymentPostprocessing = 0;
		};
/* End PBXFrameworksBuildPhase section */

/* Begin PBXGroup section */
		0125F91EFC2A0A3B905583F2 /* Frameworks */ = {
			isa = PBXGroup;
			children = (
				98FE4A9A0F61B080318EFBDE /* Pods_SmartMoney.framework */,
				873008847319056A4F6A2460 /* Pods_SmartMoney_SmartMoneyUITests.framework */,
				3B01FD637A5246FFB6C5B405 /* Pods_SmartMoneyTests.framework */,
			);
			name = Frameworks;
			sourceTree = "<group>";
		};
		3CC1C44BE916C0FBEFA4E66C /* Pods */ = {
			isa = PBXGroup;
			children = (
				D240BAB13ADCBEEABBCFCF9A /* Pods-SmartMoney.debug.xcconfig */,
				4A1D276909B1BDF6EAB9EF75 /* Pods-SmartMoney.release.xcconfig */,
				AAEA7450EEF07E98DA6126A7 /* Pods-SmartMoney-SmartMoneyUITests.debug.xcconfig */,
				3F36524AFDD4C1673FC448FA /* Pods-SmartMoney-SmartMoneyUITests.release.xcconfig */,
				AC4DF35E59420A8D3B3B1AD0 /* Pods-SmartMoneyTests.debug.xcconfig */,
				89EB2FD2C3E768FF149F85B9 /* Pods-SmartMoneyTests.release.xcconfig */,
			);
			path = Pods;
			sourceTree = "<group>";
		};
		69C8CDF72A332D37004A0382 /* ExpenseViews */ = {
			isa = PBXGroup;
			children = (
				69FBF4B42A4431E500C581BE /* Budget */,
				69E719A62A3AC854002EA577 /* NumberPad */,
				69E719A52A39B302002EA577 /* Transactions */,
				69E719A22A39A2D3002EA577 /* Category */,
				694952822A32D642004F989B /* CircularProgressView.swift */,
			);
			path = ExpenseViews;
			sourceTree = "<group>";
		};
		69E719A22A39A2D3002EA577 /* Category */ = {
			isa = PBXGroup;
			children = (
				69C8CE0C2A398269004A0382 /* CategoryBrain.swift */,
				69C8CE102A39840C004A0382 /* categoryDataCellView.swift */,
				69E7199E2A399E02002EA577 /* categoryStackView.swift */,
				69E719A02A39A2CA002EA577 /* categoryHorizontalScrollView.swift */,
			);
			path = Category;
			sourceTree = "<group>";
		};
		69E719A52A39B302002EA577 /* Transactions */ = {
			isa = PBXGroup;
			children = (
				69C8CDF52A332C74004A0382 /* TransactionModel.swift */,
				69C8CDFC2A332EB1004A0382 /* TransactionData.swift */,
				69C8CDFA2A332DDE004A0382 /* TransactionRow.swift */,
				69C8CDFE2A3332AC004A0382 /* TransactionScrollView.swift */,
				69FBF4B22A433FC500C581BE /* FilterDateController.swift */,
				69FBF4BD2A4593E500C581BE /* DeleteTransactionView.swift */,
			);
			path = Transactions;
			sourceTree = "<group>";
		};
		69E719A62A3AC854002EA577 /* NumberPad */ = {
			isa = PBXGroup;
			children = (
				69E719A72A3AC867002EA577 /* numberPad.swift */,
				69F5001B2A3D84BD0046ED03 /* numPadModel.swift */,
			);
			path = NumberPad;
			sourceTree = "<group>";
		};
		69FBF4B42A4431E500C581BE /* Budget */ = {
			isa = PBXGroup;
			children = (
				69FBF4B52A44320800C581BE /* BudgetModel.swift */,
			);
			path = Budget;
			sourceTree = "<group>";
		};
		C021FCA22A3C925D00091549 /* Expense */ = {
			isa = PBXGroup;
			children = (
				C00EEE512A2C545700EF1A13 /* GroupExpense.swift */,
				C021FCA72A3C942300091549 /* ExpenseData.swift */,
				C021FCAE2A3C999500091549 /* EqualExpense.swift */,
				C021FCAC2A3C975400091549 /* ExpenseController.swift */,
				C021FCC92A3DE8A400091549 /* Split */,
				C021FCB22A3C9EB000091549 /* SplitFactory.swift */,
				C021FCC32A3CB30800091549 /* SplitType.swift */,
				C021FCB62A3CA0D900091549 /* UserExpenseBalance.swift */,
			);
			path = Expense;
			sourceTree = "<group>";
		};
		C021FCBE2A3CA8FF00091549 /* User */ = {
			isa = PBXGroup;
			children = (
				C04E27972A3356AE00964161 /* User.swift */,
				C021FCB82A3CA1A900091549 /* UserController.swift */,
				C06953682A40973E00921FA5 /* SelectedUser.swift */,
			);
			path = User;
			sourceTree = "<group>";
		};
		C021FCBF2A3CA90F00091549 /* Group */ = {
			isa = PBXGroup;
			children = (
				C00EEE552A2C8E1100EF1A13 /* Group.swift */,
				C021FCBA2A3CA49F00091549 /* GroupController.swift */,
			);
			path = Group;
			sourceTree = "<group>";
		};
		C021FCC02A3CA93C00091549 /* Balance */ = {
			isa = PBXGroup;
			children = (
				C021FCBC2A3CA79D00091549 /* Balance.swift */,
				C021FCC12A3CA94A00091549 /* BalanceController.swift */,
			);
			path = Balance;
			sourceTree = "<group>";
		};
		C021FCC92A3DE8A400091549 /* Split */ = {
			isa = PBXGroup;
			children = (
				C021FCB02A3C9B2800091549 /* Split.swift */,
				C021FCC52A3CB39500091549 /* EqualExpenseSplit.swift */,
				C021FCC72A3CB3B100091549 /* UnequalExpenseSplit.swift */,
				C021FCB42A3C9FAC00091549 /* ExpenseSplit.swift */,
			);
			path = Split;
			sourceTree = "<group>";
		};
		C043C2922A172C4600A1F14D = {
			isa = PBXGroup;
			children = (
				C043C2D32A172CAF00A1F14D /* Views */,
				C043C2D22A172C9300A1F14D /* Models */,
				C043C2D12A172C7800A1F14D /* Controllers */,
				C043C29D2A172C4600A1F14D /* SmartMoney */,
				C043C2B72A172C4600A1F14D /* SmartMoneyTests */,
				C043C2C12A172C4600A1F14D /* SmartMoneyUITests */,
				C043C29C2A172C4600A1F14D /* Products */,
				3CC1C44BE916C0FBEFA4E66C /* Pods */,
				0125F91EFC2A0A3B905583F2 /* Frameworks */,
			);
			sourceTree = "<group>";
		};
		C043C29C2A172C4600A1F14D /* Products */ = {
			isa = PBXGroup;
			children = (
				C043C29B2A172C4600A1F14D /* SmartMoney.app */,
				C043C2B42A172C4600A1F14D /* SmartMoneyTests.xctest */,
				C043C2BE2A172C4600A1F14D /* SmartMoneyUITests.xctest */,
			);
			name = Products;
			sourceTree = "<group>";
		};
		C043C29D2A172C4600A1F14D /* SmartMoney */ = {
			isa = PBXGroup;
			children = (
				C043C29E2A172C4600A1F14D /* AppDelegate.swift */,
				C043C2A02A172C4600A1F14D /* SceneDelegate.swift */,
				C043C2AA2A172C4600A1F14D /* Assets.xcassets */,
				C043C2AF2A172C4600A1F14D /* Info.plist */,
				C043C2A72A172C4600A1F14D /* SmartMoney.xcdatamodeld */,
			);
			path = SmartMoney;
			sourceTree = "<group>";
		};
		C043C2B72A172C4600A1F14D /* SmartMoneyTests */ = {
			isa = PBXGroup;
			children = (
				C043C2B82A172C4600A1F14D /* SmartMoneyTests.swift */,
			);
			path = SmartMoneyTests;
			sourceTree = "<group>";
		};
		C043C2C12A172C4600A1F14D /* SmartMoneyUITests */ = {
			isa = PBXGroup;
			children = (
				C043C2C22A172C4600A1F14D /* SmartMoneyUITests.swift */,
				C043C2C42A172C4600A1F14D /* SmartMoneyUITestsLaunchTests.swift */,
			);
			path = SmartMoneyUITests;
			sourceTree = "<group>";
		};
		C043C2D12A172C7800A1F14D /* Controllers */ = {
			isa = PBXGroup;
			children = (
				C043C2A22A172C4600A1F14D /* ViewController.swift */,
				C043C2DA2A17374000A1F14D /* HomePageViewController.swift */,
				C043C2DC2A1738C100A1F14D /* ExpensesViewController.swift */,
				C043C2E02A1738E100A1F14D /* GroupsViewController.swift */,
				C043C2E42A1738F700A1F14D /* ProfileViewController.swift */,
				C043C2E62A17782000A1F14D /* CreateGroupViewController.swift */,
				C043C2E82A17BAEC00A1F14D /* GroupDetailsViewController.swift */,
				C0DE6B9F2A2F37E30012A7D8 /* AddGroupExpenseViewController.swift */,
				C0931A382A33812F001E19B9 /* UnequalGroupExpensesTableViewController.swift */,
				C0CD63592A3701F70056EFE0 /* PayUpViewController.swift */,
				C0CD635D2A3721FB0056EFE0 /* BalancesTableTableViewController.swift */,
				C097C9DC2A440211009D3D55 /* GroupExpenseDetailsViewController.swift */,
				69C8CE082A37420F004A0382 /* CreateNewExpenseViewController.swift */,
				C0D6B0BC2A3EF24A0072AE22 /* LoginViewController.swift */,
				C0E856482A3F4143003D51EF /* RegisterViewController.swift */,
				69FBF4B92A45873600C581BE /* DeleteExpenseViewController.swift */,
			);
			path = Controllers;
			sourceTree = "<group>";
		};
		C043C2D22A172C9300A1F14D /* Models */ = {
			isa = PBXGroup;
			children = (
				C021FCBE2A3CA8FF00091549 /* User */,
				C021FCC02A3CA93C00091549 /* Balance */,
				C021FCBF2A3CA90F00091549 /* Group */,
				C021FCA22A3C925D00091549 /* Expense */,
				C043C2EA2A17C4FA00A1F14D /* MonthYear.swift */,
				C021FCCA2A3DED2100091549 /* GroupDebtSimplifier.swift */,
				C0E8564C2A3F69A5003D51EF /* Payment.swift */,
				C0E8564A2A3F50FC003D51EF /* NetBalance.swift */,
				C06953662A4050EE00921FA5 /* TestingGroups.swift */,
			);
			path = Models;
			sourceTree = "<group>";
		};
		C043C2D32A172CAF00A1F14D /* Views */ = {
			isa = PBXGroup;
			children = (
				C0931A3D2A338213001E19B9 /* UnequalExpensesTableViewCell */,
				C043C2A42A172C4600A1F14D /* Main.storyboard */,
				C043C2D82A17348A00A1F14D /* Launch Screen.storyboard */,
				C0DDF58F2A2F78FD00959F90 /* CollectionViewCell */,
				C0931A3C2A338202001E19B9 /* GroupTableViewCell */,
				C0931A3B2A3381F0001E19B9 /* GroupMemberTableViewCell */,
				69C8CDF72A332D37004A0382 /* ExpenseViews */,
				C0931A3A2A3381E0001E19B9 /* GroupMemberCollectionViewCell */,
				C0CD63582A3700EE0056EFE0 /* PayUpTableViewCell */,
				C0D6B0BA2A3EEA4C0072AE22 /* GroupExpensesTableViewCell.swift */,
				C097C9DE2A4408FB009D3D55 /* ExpenseDetailsTableViewCell.swift */,
			);
			path = Views;
			sourceTree = "<group>";
		};
		C0931A3A2A3381E0001E19B9 /* GroupMemberCollectionViewCell */ = {
			isa = PBXGroup;
			children = (
				C04E27932A3344E600964161 /* GroupMemberCollectionViewCell.swift */,
				C04E27942A3344E600964161 /* GroupMemberCollectionViewCell.xib */,
			);
			path = GroupMemberCollectionViewCell;
			sourceTree = "<group>";
		};
		C0931A3B2A3381F0001E19B9 /* GroupMemberTableViewCell */ = {
			isa = PBXGroup;
			children = (
				C0DDF5A32A303E8000959F90 /* GroupMemberTableViewCell.swift */,
				C0DDF5A42A303E8000959F90 /* GroupMemberTableViewCell.xib */,
			);
			path = GroupMemberTableViewCell;
			sourceTree = "<group>";
		};
		C0931A3C2A338202001E19B9 /* GroupTableViewCell */ = {
			isa = PBXGroup;
			children = (
				C0DDF5992A302C9800959F90 /* GroupTableViewCell.swift */,
			);
			path = GroupTableViewCell;
			sourceTree = "<group>";
		};
		C0931A3D2A338213001E19B9 /* UnequalExpensesTableViewCell */ = {
			isa = PBXGroup;
			children = (
				C0931A3E2A338230001E19B9 /* UnequalExpensesTableViewCell.swift */,
				C0931A3F2A338230001E19B9 /* UnequalExpensesTableViewCell.xib */,
			);
			path = UnequalExpensesTableViewCell;
			sourceTree = "<group>";
		};
		C0CD63582A3700EE0056EFE0 /* PayUpTableViewCell */ = {
			isa = PBXGroup;
			children = (
				C0CD63542A3700E40056EFE0 /* PayUpTableViewCell.swift */,
			);
			path = PayUpTableViewCell;
			sourceTree = "<group>";
		};
		C0DDF58F2A2F78FD00959F90 /* CollectionViewCell */ = {
			isa = PBXGroup;
			children = (
				C0DDF58B2A2F70D800959F90 /* CollectionViewCell.swift */,
				C0DDF58C2A2F70D800959F90 /* CollectionViewCell.xib */,
			);
			path = CollectionViewCell;
			sourceTree = "<group>";
		};
/* End PBXGroup section */

/* Begin PBXNativeTarget section */
		C043C29A2A172C4600A1F14D /* SmartMoney */ = {
			isa = PBXNativeTarget;
			buildConfigurationList = C043C2C82A172C4600A1F14D /* Build configuration list for PBXNativeTarget "SmartMoney" */;
			buildPhases = (
				383B08484B5CB014C2987B85 /* [CP] Check Pods Manifest.lock */,
				C043C2972A172C4600A1F14D /* Sources */,
				C043C2982A172C4600A1F14D /* Frameworks */,
				C043C2992A172C4600A1F14D /* Resources */,
				C1974D81700D37FF1B83A49E /* [CP] Embed Pods Frameworks */,
			);
			buildRules = (
			);
			dependencies = (
			);
			name = SmartMoney;
			packageProductDependencies = (
				C043C2F32A17C85700A1F14D /* MonthYearPicker */,
			);
			productName = SmartMoney;
			productReference = C043C29B2A172C4600A1F14D /* SmartMoney.app */;
			productType = "com.apple.product-type.application";
		};
		C043C2B32A172C4600A1F14D /* SmartMoneyTests */ = {
			isa = PBXNativeTarget;
			buildConfigurationList = C043C2CB2A172C4600A1F14D /* Build configuration list for PBXNativeTarget "SmartMoneyTests" */;
			buildPhases = (
				D9547DF5D5C8F90BC217A57B /* [CP] Check Pods Manifest.lock */,
				C043C2B02A172C4600A1F14D /* Sources */,
				C043C2B12A172C4600A1F14D /* Frameworks */,
				C043C2B22A172C4600A1F14D /* Resources */,
			);
			buildRules = (
			);
			dependencies = (
				C043C2B62A172C4600A1F14D /* PBXTargetDependency */,
			);
			name = SmartMoneyTests;
			productName = SmartMoneyTests;
			productReference = C043C2B42A172C4600A1F14D /* SmartMoneyTests.xctest */;
			productType = "com.apple.product-type.bundle.unit-test";
		};
		C043C2BD2A172C4600A1F14D /* SmartMoneyUITests */ = {
			isa = PBXNativeTarget;
			buildConfigurationList = C043C2CE2A172C4600A1F14D /* Build configuration list for PBXNativeTarget "SmartMoneyUITests" */;
			buildPhases = (
				131773E653A9735844C29B0F /* [CP] Check Pods Manifest.lock */,
				C043C2BA2A172C4600A1F14D /* Sources */,
				C043C2BB2A172C4600A1F14D /* Frameworks */,
				C043C2BC2A172C4600A1F14D /* Resources */,
				9EA12552D3C3022290297208 /* [CP] Embed Pods Frameworks */,
			);
			buildRules = (
			);
			dependencies = (
				C043C2C02A172C4600A1F14D /* PBXTargetDependency */,
			);
			name = SmartMoneyUITests;
			productName = SmartMoneyUITests;
			productReference = C043C2BE2A172C4600A1F14D /* SmartMoneyUITests.xctest */;
			productType = "com.apple.product-type.bundle.ui-testing";
		};
/* End PBXNativeTarget section */

/* Begin PBXProject section */
		C043C2932A172C4600A1F14D /* Project object */ = {
			isa = PBXProject;
			attributes = {
				BuildIndependentTargetsInParallel = 1;
				LastSwiftUpdateCheck = 1430;
				LastUpgradeCheck = 1430;
				TargetAttributes = {
					C043C29A2A172C4600A1F14D = {
						CreatedOnToolsVersion = 14.3;
					};
					C043C2B32A172C4600A1F14D = {
						CreatedOnToolsVersion = 14.3;
						TestTargetID = C043C29A2A172C4600A1F14D;
					};
					C043C2BD2A172C4600A1F14D = {
						CreatedOnToolsVersion = 14.3;
						TestTargetID = C043C29A2A172C4600A1F14D;
					};
				};
			};
			buildConfigurationList = C043C2962A172C4600A1F14D /* Build configuration list for PBXProject "SmartMoney" */;
			compatibilityVersion = "Xcode 14.0";
			developmentRegion = en;
			hasScannedForEncodings = 0;
			knownRegions = (
				en,
				Base,
			);
			mainGroup = C043C2922A172C4600A1F14D;
			packageReferences = (
				C043C2F22A17C85700A1F14D /* XCRemoteSwiftPackageReference "MonthYearPicker" */,
			);
			productRefGroup = C043C29C2A172C4600A1F14D /* Products */;
			projectDirPath = "";
			projectRoot = "";
			targets = (
				C043C29A2A172C4600A1F14D /* SmartMoney */,
				C043C2B32A172C4600A1F14D /* SmartMoneyTests */,
				C043C2BD2A172C4600A1F14D /* SmartMoneyUITests */,
			);
		};
/* End PBXProject section */

/* Begin PBXResourcesBuildPhase section */
		C043C2992A172C4600A1F14D /* Resources */ = {
			isa = PBXResourcesBuildPhase;
			buildActionMask = 2147483647;
			files = (
				C043C2D92A17348A00A1F14D /* Launch Screen.storyboard in Resources */,
				C0DDF5A62A303E8000959F90 /* GroupMemberTableViewCell.xib in Resources */,
				C04E27962A3344E600964161 /* GroupMemberCollectionViewCell.xib in Resources */,
				C043C2AB2A172C4600A1F14D /* Assets.xcassets in Resources */,
				C0DDF58E2A2F70D800959F90 /* CollectionViewCell.xib in Resources */,
				C043C2A62A172C4600A1F14D /* Main.storyboard in Resources */,
				C0931A412A338230001E19B9 /* UnequalExpensesTableViewCell.xib in Resources */,
			);
			runOnlyForDeploymentPostprocessing = 0;
		};
		C043C2B22A172C4600A1F14D /* Resources */ = {
			isa = PBXResourcesBuildPhase;
			buildActionMask = 2147483647;
			files = (
			);
			runOnlyForDeploymentPostprocessing = 0;
		};
		C043C2BC2A172C4600A1F14D /* Resources */ = {
			isa = PBXResourcesBuildPhase;
			buildActionMask = 2147483647;
			files = (
			);
			runOnlyForDeploymentPostprocessing = 0;
		};
/* End PBXResourcesBuildPhase section */

/* Begin PBXShellScriptBuildPhase section */
		131773E653A9735844C29B0F /* [CP] Check Pods Manifest.lock */ = {
			isa = PBXShellScriptBuildPhase;
			buildActionMask = 2147483647;
			files = (
			);
			inputFileListPaths = (
			);
			inputPaths = (
				"${PODS_PODFILE_DIR_PATH}/Podfile.lock",
				"${PODS_ROOT}/Manifest.lock",
			);
			name = "[CP] Check Pods Manifest.lock";
			outputFileListPaths = (
			);
			outputPaths = (
				"$(DERIVED_FILE_DIR)/Pods-SmartMoney-SmartMoneyUITests-checkManifestLockResult.txt",
			);
			runOnlyForDeploymentPostprocessing = 0;
			shellPath = /bin/sh;
			shellScript = "diff \"${PODS_PODFILE_DIR_PATH}/Podfile.lock\" \"${PODS_ROOT}/Manifest.lock\" > /dev/null\nif [ $? != 0 ] ; then\n    # print error to STDERR\n    echo \"error: The sandbox is not in sync with the Podfile.lock. Run 'pod install' or update your CocoaPods installation.\" >&2\n    exit 1\nfi\n# This output is used by Xcode 'outputs' to avoid re-running this script phase.\necho \"SUCCESS\" > \"${SCRIPT_OUTPUT_FILE_0}\"\n";
			showEnvVarsInLog = 0;
		};
		383B08484B5CB014C2987B85 /* [CP] Check Pods Manifest.lock */ = {
			isa = PBXShellScriptBuildPhase;
			buildActionMask = 2147483647;
			files = (
			);
			inputFileListPaths = (
			);
			inputPaths = (
				"${PODS_PODFILE_DIR_PATH}/Podfile.lock",
				"${PODS_ROOT}/Manifest.lock",
			);
			name = "[CP] Check Pods Manifest.lock";
			outputFileListPaths = (
			);
			outputPaths = (
				"$(DERIVED_FILE_DIR)/Pods-SmartMoney-checkManifestLockResult.txt",
			);
			runOnlyForDeploymentPostprocessing = 0;
			shellPath = /bin/sh;
			shellScript = "diff \"${PODS_PODFILE_DIR_PATH}/Podfile.lock\" \"${PODS_ROOT}/Manifest.lock\" > /dev/null\nif [ $? != 0 ] ; then\n    # print error to STDERR\n    echo \"error: The sandbox is not in sync with the Podfile.lock. Run 'pod install' or update your CocoaPods installation.\" >&2\n    exit 1\nfi\n# This output is used by Xcode 'outputs' to avoid re-running this script phase.\necho \"SUCCESS\" > \"${SCRIPT_OUTPUT_FILE_0}\"\n";
			showEnvVarsInLog = 0;
		};
		9EA12552D3C3022290297208 /* [CP] Embed Pods Frameworks */ = {
			isa = PBXShellScriptBuildPhase;
			buildActionMask = 2147483647;
			files = (
			);
			inputFileListPaths = (
				"${PODS_ROOT}/Target Support Files/Pods-SmartMoney-SmartMoneyUITests/Pods-SmartMoney-SmartMoneyUITests-frameworks-${CONFIGURATION}-input-files.xcfilelist",
			);
			name = "[CP] Embed Pods Frameworks";
			outputFileListPaths = (
				"${PODS_ROOT}/Target Support Files/Pods-SmartMoney-SmartMoneyUITests/Pods-SmartMoney-SmartMoneyUITests-frameworks-${CONFIGURATION}-output-files.xcfilelist",
			);
			runOnlyForDeploymentPostprocessing = 0;
			shellPath = /bin/sh;
			shellScript = "\"${PODS_ROOT}/Target Support Files/Pods-SmartMoney-SmartMoneyUITests/Pods-SmartMoney-SmartMoneyUITests-frameworks.sh\"\n";
			showEnvVarsInLog = 0;
		};
		C1974D81700D37FF1B83A49E /* [CP] Embed Pods Frameworks */ = {
			isa = PBXShellScriptBuildPhase;
			buildActionMask = 2147483647;
			files = (
			);
			inputFileListPaths = (
				"${PODS_ROOT}/Target Support Files/Pods-SmartMoney/Pods-SmartMoney-frameworks-${CONFIGURATION}-input-files.xcfilelist",
			);
			name = "[CP] Embed Pods Frameworks";
			outputFileListPaths = (
				"${PODS_ROOT}/Target Support Files/Pods-SmartMoney/Pods-SmartMoney-frameworks-${CONFIGURATION}-output-files.xcfilelist",
			);
			runOnlyForDeploymentPostprocessing = 0;
			shellPath = /bin/sh;
			shellScript = "\"${PODS_ROOT}/Target Support Files/Pods-SmartMoney/Pods-SmartMoney-frameworks.sh\"\n";
			showEnvVarsInLog = 0;
		};
		D9547DF5D5C8F90BC217A57B /* [CP] Check Pods Manifest.lock */ = {
			isa = PBXShellScriptBuildPhase;
			buildActionMask = 2147483647;
			files = (
			);
			inputFileListPaths = (
			);
			inputPaths = (
				"${PODS_PODFILE_DIR_PATH}/Podfile.lock",
				"${PODS_ROOT}/Manifest.lock",
			);
			name = "[CP] Check Pods Manifest.lock";
			outputFileListPaths = (
			);
			outputPaths = (
				"$(DERIVED_FILE_DIR)/Pods-SmartMoneyTests-checkManifestLockResult.txt",
			);
			runOnlyForDeploymentPostprocessing = 0;
			shellPath = /bin/sh;
			shellScript = "diff \"${PODS_PODFILE_DIR_PATH}/Podfile.lock\" \"${PODS_ROOT}/Manifest.lock\" > /dev/null\nif [ $? != 0 ] ; then\n    # print error to STDERR\n    echo \"error: The sandbox is not in sync with the Podfile.lock. Run 'pod install' or update your CocoaPods installation.\" >&2\n    exit 1\nfi\n# This output is used by Xcode 'outputs' to avoid re-running this script phase.\necho \"SUCCESS\" > \"${SCRIPT_OUTPUT_FILE_0}\"\n";
			showEnvVarsInLog = 0;
		};
/* End PBXShellScriptBuildPhase section */

/* Begin PBXSourcesBuildPhase section */
		C043C2972A172C4600A1F14D /* Sources */ = {
			isa = PBXSourcesBuildPhase;
			buildActionMask = 2147483647;
			files = (
				C0D6B0BD2A3EF24A0072AE22 /* LoginViewController.swift in Sources */,
				C0E856492A3F4144003D51EF /* RegisterViewController.swift in Sources */,
				C021FCC82A3CB3B100091549 /* UnequalExpenseSplit.swift in Sources */,
				69FBF4B62A44320800C581BE /* BudgetModel.swift in Sources */,
				69C8CE0D2A398269004A0382 /* CategoryBrain.swift in Sources */,
				69E7199F2A399E02002EA577 /* categoryStackView.swift in Sources */,
				C021FCB32A3C9EB000091549 /* SplitFactory.swift in Sources */,
				C021FCCB2A3DED2100091549 /* GroupDebtSimplifier.swift in Sources */,
				69C8CDFD2A332EB1004A0382 /* TransactionData.swift in Sources */,
				C021FCC62A3CB39500091549 /* EqualExpenseSplit.swift in Sources */,
				C0931A392A33812F001E19B9 /* UnequalGroupExpensesTableViewController.swift in Sources */,
				C06953672A4050EE00921FA5 /* TestingGroups.swift in Sources */,
				C04E27952A3344E600964161 /* GroupMemberCollectionViewCell.swift in Sources */,
				C043C2A32A172C4600A1F14D /* ViewController.swift in Sources */,
				C0931A402A338230001E19B9 /* UnequalExpensesTableViewCell.swift in Sources */,
				C04E27982A3356AE00964161 /* User.swift in Sources */,
				C00EEE562A2C8E1100EF1A13 /* Group.swift in Sources */,
				C0E8564D2A3F69A5003D51EF /* Payment.swift in Sources */,
				C0CD635E2A3721FB0056EFE0 /* BalancesTableTableViewController.swift in Sources */,
				C021FCA82A3C942300091549 /* ExpenseData.swift in Sources */,
				C043C2E52A1738F700A1F14D /* ProfileViewController.swift in Sources */,
				69FBF4BA2A45873600C581BE /* DeleteExpenseViewController.swift in Sources */,
				C021FCC42A3CB30800091549 /* SplitType.swift in Sources */,
				C0DDF5A52A303E8000959F90 /* GroupMemberTableViewCell.swift in Sources */,
				69E719A82A3AC867002EA577 /* numberPad.swift in Sources */,
				C043C2DD2A1738C100A1F14D /* ExpensesViewController.swift in Sources */,
				C043C2DB2A17374000A1F14D /* HomePageViewController.swift in Sources */,
				C0DE6BA02A2F37E30012A7D8 /* AddGroupExpenseViewController.swift in Sources */,
				C021FCB72A3CA0D900091549 /* UserExpenseBalance.swift in Sources */,
				694952832A32D642004F989B /* CircularProgressView.swift in Sources */,
				C043C2E92A17BAEC00A1F14D /* GroupDetailsViewController.swift in Sources */,
				C021FCBB2A3CA49F00091549 /* GroupController.swift in Sources */,
				69C8CDF62A332C74004A0382 /* TransactionModel.swift in Sources */,
				69E719A12A39A2CA002EA577 /* categoryHorizontalScrollView.swift in Sources */,
				C043C2E12A1738E100A1F14D /* GroupsViewController.swift in Sources */,
				C043C29F2A172C4600A1F14D /* AppDelegate.swift in Sources */,
				C06953692A40973E00921FA5 /* SelectedUser.swift in Sources */,
				C097C9DD2A440211009D3D55 /* GroupExpenseDetailsViewController.swift in Sources */,
				C021FCB92A3CA1A900091549 /* UserController.swift in Sources */,
				69FBF4B32A433FC500C581BE /* FilterDateController.swift in Sources */,
				69C8CDFF2A3332AC004A0382 /* TransactionScrollView.swift in Sources */,
				C043C2EB2A17C4FA00A1F14D /* MonthYear.swift in Sources */,
				69FBF4BE2A4593E500C581BE /* DeleteTransactionView.swift in Sources */,
				69C8CE112A39840C004A0382 /* categoryDataCellView.swift in Sources */,
				C021FCB12A3C9B2800091549 /* Split.swift in Sources */,
				69C8CE092A37420F004A0382 /* CreateNewExpenseViewController.swift in Sources */,
				C043C2E72A17782000A1F14D /* CreateGroupViewController.swift in Sources */,
				C0E8564B2A3F50FC003D51EF /* NetBalance.swift in Sources */,
				C021FCAD2A3C975400091549 /* ExpenseController.swift in Sources */,
				C0CD63562A3700E40056EFE0 /* PayUpTableViewCell.swift in Sources */,
				69C8CDFB2A332DDE004A0382 /* TransactionRow.swift in Sources */,
				C0D6B0BB2A3EEA4C0072AE22 /* GroupExpensesTableViewCell.swift in Sources */,
				C097C9DF2A4408FB009D3D55 /* ExpenseDetailsTableViewCell.swift in Sources */,
				C0CD635A2A3701F70056EFE0 /* PayUpViewController.swift in Sources */,
				C021FCBD2A3CA79D00091549 /* Balance.swift in Sources */,
				C021FCAF2A3C999500091549 /* EqualExpense.swift in Sources */,
				C021FCB52A3C9FAC00091549 /* ExpenseSplit.swift in Sources */,
				C00EEE522A2C545700EF1A13 /* GroupExpense.swift in Sources */,
				C0DDF58D2A2F70D800959F90 /* CollectionViewCell.swift in Sources */,
				C021FCC22A3CA94A00091549 /* BalanceController.swift in Sources */,
				C043C2A92A172C4600A1F14D /* SmartMoney.xcdatamodeld in Sources */,
				69F5001C2A3D84BD0046ED03 /* numPadModel.swift in Sources */,
				C043C2A12A172C4600A1F14D /* SceneDelegate.swift in Sources */,
				C0DDF59A2A302C9800959F90 /* GroupTableViewCell.swift in Sources */,
			);
			runOnlyForDeploymentPostprocessing = 0;
		};
		C043C2B02A172C4600A1F14D /* Sources */ = {
			isa = PBXSourcesBuildPhase;
			buildActionMask = 2147483647;
			files = (
				C043C2B92A172C4600A1F14D /* SmartMoneyTests.swift in Sources */,
			);
			runOnlyForDeploymentPostprocessing = 0;
		};
		C043C2BA2A172C4600A1F14D /* Sources */ = {
			isa = PBXSourcesBuildPhase;
			buildActionMask = 2147483647;
			files = (
				C043C2C32A172C4600A1F14D /* SmartMoneyUITests.swift in Sources */,
				C043C2C52A172C4600A1F14D /* SmartMoneyUITestsLaunchTests.swift in Sources */,
			);
			runOnlyForDeploymentPostprocessing = 0;
		};
/* End PBXSourcesBuildPhase section */

/* Begin PBXTargetDependency section */
		C043C2B62A172C4600A1F14D /* PBXTargetDependency */ = {
			isa = PBXTargetDependency;
			target = C043C29A2A172C4600A1F14D /* SmartMoney */;
			targetProxy = C043C2B52A172C4600A1F14D /* PBXContainerItemProxy */;
		};
		C043C2C02A172C4600A1F14D /* PBXTargetDependency */ = {
			isa = PBXTargetDependency;
			target = C043C29A2A172C4600A1F14D /* SmartMoney */;
			targetProxy = C043C2BF2A172C4600A1F14D /* PBXContainerItemProxy */;
		};
/* End PBXTargetDependency section */

/* Begin PBXVariantGroup section */
		C043C2A42A172C4600A1F14D /* Main.storyboard */ = {
			isa = PBXVariantGroup;
			children = (
				C043C2A52A172C4600A1F14D /* Base */,
			);
			name = Main.storyboard;
			sourceTree = "<group>";
		};
/* End PBXVariantGroup section */

/* Begin XCBuildConfiguration section */
		C043C2C62A172C4600A1F14D /* Debug */ = {
			isa = XCBuildConfiguration;
			buildSettings = {
				ALWAYS_SEARCH_USER_PATHS = NO;
				CLANG_ANALYZER_NONNULL = YES;
				CLANG_ANALYZER_NUMBER_OBJECT_CONVERSION = YES_AGGRESSIVE;
				CLANG_CXX_LANGUAGE_STANDARD = "gnu++20";
				CLANG_ENABLE_MODULES = YES;
				CLANG_ENABLE_OBJC_ARC = YES;
				CLANG_ENABLE_OBJC_WEAK = YES;
				CLANG_WARN_BLOCK_CAPTURE_AUTORELEASING = YES;
				CLANG_WARN_BOOL_CONVERSION = YES;
				CLANG_WARN_COMMA = YES;
				CLANG_WARN_CONSTANT_CONVERSION = YES;
				CLANG_WARN_DEPRECATED_OBJC_IMPLEMENTATIONS = YES;
				CLANG_WARN_DIRECT_OBJC_ISA_USAGE = YES_ERROR;
				CLANG_WARN_DOCUMENTATION_COMMENTS = YES;
				CLANG_WARN_EMPTY_BODY = YES;
				CLANG_WARN_ENUM_CONVERSION = YES;
				CLANG_WARN_INFINITE_RECURSION = YES;
				CLANG_WARN_INT_CONVERSION = YES;
				CLANG_WARN_NON_LITERAL_NULL_CONVERSION = YES;
				CLANG_WARN_OBJC_IMPLICIT_RETAIN_SELF = YES;
				CLANG_WARN_OBJC_LITERAL_CONVERSION = YES;
				CLANG_WARN_OBJC_ROOT_CLASS = YES_ERROR;
				CLANG_WARN_QUOTED_INCLUDE_IN_FRAMEWORK_HEADER = YES;
				CLANG_WARN_RANGE_LOOP_ANALYSIS = YES;
				CLANG_WARN_STRICT_PROTOTYPES = YES;
				CLANG_WARN_SUSPICIOUS_MOVE = YES;
				CLANG_WARN_UNGUARDED_AVAILABILITY = YES_AGGRESSIVE;
				CLANG_WARN_UNREACHABLE_CODE = YES;
				CLANG_WARN__DUPLICATE_METHOD_MATCH = YES;
				COPY_PHASE_STRIP = NO;
				DEBUG_INFORMATION_FORMAT = dwarf;
				ENABLE_STRICT_OBJC_MSGSEND = YES;
				ENABLE_TESTABILITY = YES;
				GCC_C_LANGUAGE_STANDARD = gnu11;
				GCC_DYNAMIC_NO_PIC = NO;
				GCC_NO_COMMON_BLOCKS = YES;
				GCC_OPTIMIZATION_LEVEL = 0;
				GCC_PREPROCESSOR_DEFINITIONS = (
					"DEBUG=1",
					"$(inherited)",
				);
				GCC_WARN_64_TO_32_BIT_CONVERSION = YES;
				GCC_WARN_ABOUT_RETURN_TYPE = YES_ERROR;
				GCC_WARN_UNDECLARED_SELECTOR = YES;
				GCC_WARN_UNINITIALIZED_AUTOS = YES_AGGRESSIVE;
				GCC_WARN_UNUSED_FUNCTION = YES;
				GCC_WARN_UNUSED_VARIABLE = YES;
				IPHONEOS_DEPLOYMENT_TARGET = 16.4;
				MTL_ENABLE_DEBUG_INFO = INCLUDE_SOURCE;
				MTL_FAST_MATH = YES;
				ONLY_ACTIVE_ARCH = YES;
				SDKROOT = iphoneos;
				SWIFT_ACTIVE_COMPILATION_CONDITIONS = DEBUG;
				SWIFT_OPTIMIZATION_LEVEL = "-Onone";
			};
			name = Debug;
		};
		C043C2C72A172C4600A1F14D /* Release */ = {
			isa = XCBuildConfiguration;
			buildSettings = {
				ALWAYS_SEARCH_USER_PATHS = NO;
				CLANG_ANALYZER_NONNULL = YES;
				CLANG_ANALYZER_NUMBER_OBJECT_CONVERSION = YES_AGGRESSIVE;
				CLANG_CXX_LANGUAGE_STANDARD = "gnu++20";
				CLANG_ENABLE_MODULES = YES;
				CLANG_ENABLE_OBJC_ARC = YES;
				CLANG_ENABLE_OBJC_WEAK = YES;
				CLANG_WARN_BLOCK_CAPTURE_AUTORELEASING = YES;
				CLANG_WARN_BOOL_CONVERSION = YES;
				CLANG_WARN_COMMA = YES;
				CLANG_WARN_CONSTANT_CONVERSION = YES;
				CLANG_WARN_DEPRECATED_OBJC_IMPLEMENTATIONS = YES;
				CLANG_WARN_DIRECT_OBJC_ISA_USAGE = YES_ERROR;
				CLANG_WARN_DOCUMENTATION_COMMENTS = YES;
				CLANG_WARN_EMPTY_BODY = YES;
				CLANG_WARN_ENUM_CONVERSION = YES;
				CLANG_WARN_INFINITE_RECURSION = YES;
				CLANG_WARN_INT_CONVERSION = YES;
				CLANG_WARN_NON_LITERAL_NULL_CONVERSION = YES;
				CLANG_WARN_OBJC_IMPLICIT_RETAIN_SELF = YES;
				CLANG_WARN_OBJC_LITERAL_CONVERSION = YES;
				CLANG_WARN_OBJC_ROOT_CLASS = YES_ERROR;
				CLANG_WARN_QUOTED_INCLUDE_IN_FRAMEWORK_HEADER = YES;
				CLANG_WARN_RANGE_LOOP_ANALYSIS = YES;
				CLANG_WARN_STRICT_PROTOTYPES = YES;
				CLANG_WARN_SUSPICIOUS_MOVE = YES;
				CLANG_WARN_UNGUARDED_AVAILABILITY = YES_AGGRESSIVE;
				CLANG_WARN_UNREACHABLE_CODE = YES;
				CLANG_WARN__DUPLICATE_METHOD_MATCH = YES;
				COPY_PHASE_STRIP = NO;
				DEBUG_INFORMATION_FORMAT = "dwarf-with-dsym";
				ENABLE_NS_ASSERTIONS = NO;
				ENABLE_STRICT_OBJC_MSGSEND = YES;
				GCC_C_LANGUAGE_STANDARD = gnu11;
				GCC_NO_COMMON_BLOCKS = YES;
				GCC_WARN_64_TO_32_BIT_CONVERSION = YES;
				GCC_WARN_ABOUT_RETURN_TYPE = YES_ERROR;
				GCC_WARN_UNDECLARED_SELECTOR = YES;
				GCC_WARN_UNINITIALIZED_AUTOS = YES_AGGRESSIVE;
				GCC_WARN_UNUSED_FUNCTION = YES;
				GCC_WARN_UNUSED_VARIABLE = YES;
				IPHONEOS_DEPLOYMENT_TARGET = 16.4;
				MTL_ENABLE_DEBUG_INFO = NO;
				MTL_FAST_MATH = YES;
				SDKROOT = iphoneos;
				SWIFT_COMPILATION_MODE = wholemodule;
				SWIFT_OPTIMIZATION_LEVEL = "-O";
				VALIDATE_PRODUCT = YES;
			};
			name = Release;
		};
		C043C2C92A172C4600A1F14D /* Debug */ = {
			isa = XCBuildConfiguration;
			baseConfigurationReference = D240BAB13ADCBEEABBCFCF9A /* Pods-SmartMoney.debug.xcconfig */;
			buildSettings = {
				ASSETCATALOG_COMPILER_APPICON_NAME = AppIcon;
				ASSETCATALOG_COMPILER_GLOBAL_ACCENT_COLOR_NAME = AccentColor;
				CODE_SIGN_STYLE = Automatic;
				CURRENT_PROJECT_VERSION = 1;
				DEVELOPMENT_TEAM = 3KL67Q6G7B;
				GENERATE_INFOPLIST_FILE = YES;
				INFOPLIST_FILE = SmartMoney/Info.plist;
				INFOPLIST_KEY_CFBundleDisplayName = SmartMoney;
				INFOPLIST_KEY_LSApplicationCategoryType = "public.app-category.finance";
				INFOPLIST_KEY_UIApplicationSupportsIndirectInputEvents = YES;
				INFOPLIST_KEY_UILaunchStoryboardName = "Launch Screen.storyboard";
				INFOPLIST_KEY_UIMainStoryboardFile = Main;
				INFOPLIST_KEY_UISupportedInterfaceOrientations_iPad = "UIInterfaceOrientationPortrait UIInterfaceOrientationPortraitUpsideDown UIInterfaceOrientationLandscapeLeft UIInterfaceOrientationLandscapeRight";
				INFOPLIST_KEY_UISupportedInterfaceOrientations_iPhone = "UIInterfaceOrientationPortrait UIInterfaceOrientationLandscapeLeft UIInterfaceOrientationLandscapeRight";
				LD_RUNPATH_SEARCH_PATHS = (
					"$(inherited)",
					"@executable_path/Frameworks",
				);
				MARKETING_VERSION = 1.0;
				PRODUCT_BUNDLE_IDENTIFIER = petrichoro7.SmartMoney;
				PRODUCT_NAME = "$(TARGET_NAME)";
				SUPPORTED_PLATFORMS = "iphoneos iphonesimulator";
				SUPPORTS_MACCATALYST = NO;
				SUPPORTS_MAC_DESIGNED_FOR_IPHONE_IPAD = NO;
				SWIFT_EMIT_LOC_STRINGS = YES;
				SWIFT_VERSION = 5.0;
				TARGETED_DEVICE_FAMILY = 1;
			};
			name = Debug;
		};
		C043C2CA2A172C4600A1F14D /* Release */ = {
			isa = XCBuildConfiguration;
			baseConfigurationReference = 4A1D276909B1BDF6EAB9EF75 /* Pods-SmartMoney.release.xcconfig */;
			buildSettings = {
				ASSETCATALOG_COMPILER_APPICON_NAME = AppIcon;
				ASSETCATALOG_COMPILER_GLOBAL_ACCENT_COLOR_NAME = AccentColor;
				CODE_SIGN_STYLE = Automatic;
				CURRENT_PROJECT_VERSION = 1;
				DEVELOPMENT_TEAM = 3KL67Q6G7B;
				GENERATE_INFOPLIST_FILE = YES;
				INFOPLIST_FILE = SmartMoney/Info.plist;
				INFOPLIST_KEY_CFBundleDisplayName = SmartMoney;
				INFOPLIST_KEY_LSApplicationCategoryType = "public.app-category.finance";
				INFOPLIST_KEY_UIApplicationSupportsIndirectInputEvents = YES;
				INFOPLIST_KEY_UILaunchStoryboardName = "Launch Screen.storyboard";
				INFOPLIST_KEY_UIMainStoryboardFile = Main;
				INFOPLIST_KEY_UISupportedInterfaceOrientations_iPad = "UIInterfaceOrientationPortrait UIInterfaceOrientationPortraitUpsideDown UIInterfaceOrientationLandscapeLeft UIInterfaceOrientationLandscapeRight";
				INFOPLIST_KEY_UISupportedInterfaceOrientations_iPhone = "UIInterfaceOrientationPortrait UIInterfaceOrientationLandscapeLeft UIInterfaceOrientationLandscapeRight";
				LD_RUNPATH_SEARCH_PATHS = (
					"$(inherited)",
					"@executable_path/Frameworks",
				);
				MARKETING_VERSION = 1.0;
				PRODUCT_BUNDLE_IDENTIFIER = petrichoro7.SmartMoney;
				PRODUCT_NAME = "$(TARGET_NAME)";
				SUPPORTED_PLATFORMS = "iphoneos iphonesimulator";
				SUPPORTS_MACCATALYST = NO;
				SUPPORTS_MAC_DESIGNED_FOR_IPHONE_IPAD = NO;
				SWIFT_EMIT_LOC_STRINGS = YES;
				SWIFT_VERSION = 5.0;
				TARGETED_DEVICE_FAMILY = 1;
			};
			name = Release;
		};
		C043C2CC2A172C4600A1F14D /* Debug */ = {
			isa = XCBuildConfiguration;
			baseConfigurationReference = AC4DF35E59420A8D3B3B1AD0 /* Pods-SmartMoneyTests.debug.xcconfig */;
			buildSettings = {
				ALWAYS_EMBED_SWIFT_STANDARD_LIBRARIES = YES;
				BUNDLE_LOADER = "$(TEST_HOST)";
				CODE_SIGN_STYLE = Automatic;
				CURRENT_PROJECT_VERSION = 1;
				DEVELOPMENT_TEAM = M4SCVRJSR2;
				GENERATE_INFOPLIST_FILE = YES;
				IPHONEOS_DEPLOYMENT_TARGET = 16.4;
				MARKETING_VERSION = 1.0;
				PRODUCT_BUNDLE_IDENTIFIER = petrichoro7.SmartMoneyTests;
				PRODUCT_NAME = "$(TARGET_NAME)";
				SWIFT_EMIT_LOC_STRINGS = NO;
				SWIFT_VERSION = 5.0;
				TARGETED_DEVICE_FAMILY = "1,2";
				TEST_HOST = "$(BUILT_PRODUCTS_DIR)/SmartMoney.app/$(BUNDLE_EXECUTABLE_FOLDER_PATH)/SmartMoney";
			};
			name = Debug;
		};
		C043C2CD2A172C4600A1F14D /* Release */ = {
			isa = XCBuildConfiguration;
			baseConfigurationReference = 89EB2FD2C3E768FF149F85B9 /* Pods-SmartMoneyTests.release.xcconfig */;
			buildSettings = {
				ALWAYS_EMBED_SWIFT_STANDARD_LIBRARIES = YES;
				BUNDLE_LOADER = "$(TEST_HOST)";
				CODE_SIGN_STYLE = Automatic;
				CURRENT_PROJECT_VERSION = 1;
				DEVELOPMENT_TEAM = M4SCVRJSR2;
				GENERATE_INFOPLIST_FILE = YES;
				IPHONEOS_DEPLOYMENT_TARGET = 16.4;
				MARKETING_VERSION = 1.0;
				PRODUCT_BUNDLE_IDENTIFIER = petrichoro7.SmartMoneyTests;
				PRODUCT_NAME = "$(TARGET_NAME)";
				SWIFT_EMIT_LOC_STRINGS = NO;
				SWIFT_VERSION = 5.0;
				TARGETED_DEVICE_FAMILY = "1,2";
				TEST_HOST = "$(BUILT_PRODUCTS_DIR)/SmartMoney.app/$(BUNDLE_EXECUTABLE_FOLDER_PATH)/SmartMoney";
			};
			name = Release;
		};
		C043C2CF2A172C4600A1F14D /* Debug */ = {
			isa = XCBuildConfiguration;
			baseConfigurationReference = AAEA7450EEF07E98DA6126A7 /* Pods-SmartMoney-SmartMoneyUITests.debug.xcconfig */;
			buildSettings = {
				ALWAYS_EMBED_SWIFT_STANDARD_LIBRARIES = YES;
				CODE_SIGN_STYLE = Automatic;
				CURRENT_PROJECT_VERSION = 1;
				DEVELOPMENT_TEAM = M4SCVRJSR2;
				GENERATE_INFOPLIST_FILE = YES;
				MARKETING_VERSION = 1.0;
				PRODUCT_BUNDLE_IDENTIFIER = petrichoro7.SmartMoneyUITests;
				PRODUCT_NAME = "$(TARGET_NAME)";
				SWIFT_EMIT_LOC_STRINGS = NO;
				SWIFT_VERSION = 5.0;
				TARGETED_DEVICE_FAMILY = "1,2";
				TEST_TARGET_NAME = SmartMoney;
			};
			name = Debug;
		};
		C043C2D02A172C4600A1F14D /* Release */ = {
			isa = XCBuildConfiguration;
			baseConfigurationReference = 3F36524AFDD4C1673FC448FA /* Pods-SmartMoney-SmartMoneyUITests.release.xcconfig */;
			buildSettings = {
				ALWAYS_EMBED_SWIFT_STANDARD_LIBRARIES = YES;
				CODE_SIGN_STYLE = Automatic;
				CURRENT_PROJECT_VERSION = 1;
				DEVELOPMENT_TEAM = M4SCVRJSR2;
				GENERATE_INFOPLIST_FILE = YES;
				MARKETING_VERSION = 1.0;
				PRODUCT_BUNDLE_IDENTIFIER = petrichoro7.SmartMoneyUITests;
				PRODUCT_NAME = "$(TARGET_NAME)";
				SWIFT_EMIT_LOC_STRINGS = NO;
				SWIFT_VERSION = 5.0;
				TARGETED_DEVICE_FAMILY = "1,2";
				TEST_TARGET_NAME = SmartMoney;
			};
			name = Release;
		};
/* End XCBuildConfiguration section */

/* Begin XCConfigurationList section */
		C043C2962A172C4600A1F14D /* Build configuration list for PBXProject "SmartMoney" */ = {
			isa = XCConfigurationList;
			buildConfigurations = (
				C043C2C62A172C4600A1F14D /* Debug */,
				C043C2C72A172C4600A1F14D /* Release */,
			);
			defaultConfigurationIsVisible = 0;
			defaultConfigurationName = Release;
		};
		C043C2C82A172C4600A1F14D /* Build configuration list for PBXNativeTarget "SmartMoney" */ = {
			isa = XCConfigurationList;
			buildConfigurations = (
				C043C2C92A172C4600A1F14D /* Debug */,
				C043C2CA2A172C4600A1F14D /* Release */,
			);
			defaultConfigurationIsVisible = 0;
			defaultConfigurationName = Release;
		};
		C043C2CB2A172C4600A1F14D /* Build configuration list for PBXNativeTarget "SmartMoneyTests" */ = {
			isa = XCConfigurationList;
			buildConfigurations = (
				C043C2CC2A172C4600A1F14D /* Debug */,
				C043C2CD2A172C4600A1F14D /* Release */,
			);
			defaultConfigurationIsVisible = 0;
			defaultConfigurationName = Release;
		};
		C043C2CE2A172C4600A1F14D /* Build configuration list for PBXNativeTarget "SmartMoneyUITests" */ = {
			isa = XCConfigurationList;
			buildConfigurations = (
				C043C2CF2A172C4600A1F14D /* Debug */,
				C043C2D02A172C4600A1F14D /* Release */,
			);
			defaultConfigurationIsVisible = 0;
			defaultConfigurationName = Release;
		};
/* End XCConfigurationList section */

/* Begin XCRemoteSwiftPackageReference section */
		C043C2F22A17C85700A1F14D /* XCRemoteSwiftPackageReference "MonthYearPicker" */ = {
			isa = XCRemoteSwiftPackageReference;
			repositoryURL = "https://github.com/alexanderedge/MonthYearPicker.git";
			requirement = {
				kind = upToNextMajorVersion;
				minimumVersion = 4.0.0;
			};
		};
/* End XCRemoteSwiftPackageReference section */

/* Begin XCSwiftPackageProductDependency section */
		C043C2F32A17C85700A1F14D /* MonthYearPicker */ = {
			isa = XCSwiftPackageProductDependency;
			package = C043C2F22A17C85700A1F14D /* XCRemoteSwiftPackageReference "MonthYearPicker" */;
			productName = MonthYearPicker;
		};
/* End XCSwiftPackageProductDependency section */

/* Begin XCVersionGroup section */
		C043C2A72A172C4600A1F14D /* SmartMoney.xcdatamodeld */ = {
			isa = XCVersionGroup;
			children = (
				C043C2A82A172C4600A1F14D /* SmartMoney.xcdatamodel */,
			);
			currentVersion = C043C2A82A172C4600A1F14D /* SmartMoney.xcdatamodel */;
			path = SmartMoney.xcdatamodeld;
			sourceTree = "<group>";
			versionGroupType = wrapper.xcdatamodel;
		};
/* End XCVersionGroup section */
	};
	rootObject = C043C2932A172C4600A1F14D /* Project object */;
}
